
Microsoft Visual Studio Solution File, Format Version 12.00
# Visual Studio 14
VisualStudioVersion = 14.0.25420.1
MinimumVisualStudioVersion = 10.0.40219.1
Project("{FAE04EC0-301F-11D3-BF4B-00C04F79EFBC}") = "OpendeurdagApp", "OpendeurdagApp\OpendeurdagApp.csproj", "{57DDDF24-E616-4A5D-99AC-88E396B2F03A}"
EndProject
Project("{FAE04EC0-301F-11D3-BF4B-00C04F79EFBC}") = "OpendeurdagService", "OpendeurdagService\OpendeurdagService.csproj", "{C4A0AC4A-11EB-438E-A66B-62B1B2146898}"
EndProject
Global
	GlobalSection(SolutionConfigurationPlatforms) = preSolution
		Debug|Any CPU = Debug|Any CPU
		Debug|ARM = Debug|ARM
		Debug|x64 = Debug|x64
		Debug|x86 = Debug|x86
		Release|Any CPU = Release|Any CPU
		Release|ARM = Release|ARM
		Release|x64 = Release|x64
		Release|x86 = Release|x86
	EndGlobalSection
	GlobalSection(ProjectConfigurationPlatforms) = postSolution
		{57DDDF24-E616-4A5D-99AC-88E396B2F03A}.Debug|Any CPU.ActiveCfg = Debug|x86
		{57DDDF24-E616-4A5D-99AC-88E396B2F03A}.Debug|ARM.ActiveCfg = Debug|ARM
		{57DDDF24-E616-4A5D-99AC-88E396B2F03A}.Debug|ARM.Build.0 = Debug|ARM
		{57DDDF24-E616-4A5D-99AC-88E396B2F03A}.Debug|ARM.Deploy.0 = Debug|ARM
		{57DDDF24-E616-4A5D-99AC-88E396B2F03A}.Debug|x64.ActiveCfg = Debug|x64
		{57DDDF24-E616-4A5D-99AC-88E396B2F03A}.Debug|x64.Build.0 = Debug|x64
		{57DDDF24-E616-4A5D-99AC-88E396B2F03A}.Debug|x64.Deploy.0 = Debug|x64
		{57DDDF24-E616-4A5D-99AC-88E396B2F03A}.Debug|x86.ActiveCfg = Debug|x86
		{57DDDF24-E616-4A5D-99AC-88E396B2F03A}.Debug|x86.Build.0 = Debug|x86
		{57DDDF24-E616-4A5D-99AC-88E396B2F03A}.Debug|x86.Deploy.0 = Debug|x86
		{57DDDF24-E616-4A5D-99AC-88E396B2F03A}.Release|Any CPU.ActiveCfg = Release|x86
		{57DDDF24-E616-4A5D-99AC-88E396B2F03A}.Release|ARM.ActiveCfg = Release|ARM
		{57DDDF24-E616-4A5D-99AC-88E396B2F03A}.Release|ARM.Build.0 = Release|ARM
		{57DDDF24-E616-4A5D-99AC-88E396B2F03A}.Release|ARM.Deploy.0 = Release|ARM
		{57DDDF24-E616-4A5D-99AC-88E396B2F03A}.Release|x64.ActiveCfg = Release|x64
		{57DDDF24-E616-4A5D-99AC-88E396B2F03A}.Release|x64.Build.0 = Release|x64
		{57DDDF24-E616-4A5D-99AC-88E396B2F03A}.Release|x64.Deploy.0 = Release|x64
		{57DDDF24-E616-4A5D-99AC-88E396B2F03A}.Release|x86.ActiveCfg = Release|x86
		{57DDDF24-E616-4A5D-99AC-88E396B2F03A}.Release|x86.Build.0 = Release|x86
		{57DDDF24-E616-4A5D-99AC-88E396B2F03A}.Release|x86.Deploy.0 = Release|x86
		{C4A0AC4A-11EB-438E-A66B-62B1B2146898}.Debug|Any CPU.ActiveCfg = Debug|Any CPU
		{C4A0AC4A-11EB-438E-A66B-62B1B2146898}.Debug|Any CPU.Build.0 = Debug|Any CPU
		{C4A0AC4A-11EB-438E-A66B-62B1B2146898}.Debug|ARM.ActiveCfg = Debug|Any CPU
		{C4A0AC4A-11EB-438E-A66B-62B1B2146898}.Debug|ARM.Build.0 = Debug|Any CPU
		{C4A0AC4A-11EB-438E-A66B-62B1B2146898}.Debug|x64.ActiveCfg = Debug|Any CPU
		{C4A0AC4A-11EB-438E-A66B-62B1B2146898}.Debug|x64.Build.0 = Debug|Any CPU
		{C4A0AC4A-11EB-438E-A66B-62B1B2146898}.Debug|x86.ActiveCfg = Debug|Any CPU
		{C4A0AC4A-11EB-438E-A66B-62B1B2146898}.Debug|x86.Build.0 = Debug|Any CPU
		{C4A0AC4A-11EB-438E-A66B-62B1B2146898}.Release|Any CPU.ActiveCfg = Release|Any CPU
		{C4A0AC4A-11EB-438E-A66B-62B1B2146898}.Release|Any CPU.Build.0 = Release|Any CPU
		{C4A0AC4A-11EB-438E-A66B-62B1B2146898}.Release|ARM.ActiveCfg = Release|Any CPU
		{C4A0AC4A-11EB-438E-A66B-62B1B2146898}.Release|ARM.Build.0 = Release|Any CPU
		{C4A0AC4A-11EB-438E-A66B-62B1B2146898}.Release|x64.ActiveCfg = Release|Any CPU
		{C4A0AC4A-11EB-438E-A66B-62B1B2146898}.Release|x64.Build.0 = Release|Any CPU
		{C4A0AC4A-11EB-438E-A66B-62B1B2146898}.Release|x86.ActiveCfg = Release|Any CPU
		{C4A0AC4A-11EB-438E-A66B-62B1B2146898}.Release|x86.Build.0 = Release|Any CPU
	EndGlobalSection
	GlobalSection(SolutionProperties) = preSolution
		HideSolutionNode = FALSE
	EndGlobalSection
EndGlobal
